
Microsoft Visual Studio Solution File, Format Version 12.00
# Visual Studio Version 17
VisualStudioVersion = 17.9.34616.47
MinimumVisualStudioVersion = 10.0.40219.1
Project("{FAE04EC0-301F-11D3-BF4B-00C04F79EFBC}") = "TerminalVT100.TerminalTeste", "TerminalVT100.TerminalTeste\TerminalVT100.TerminalTeste.csproj", "{DC0E35D3-B07B-465B-B11A-6EED584F00C2}"
EndProject
Project("{FAE04EC0-301F-11D3-BF4B-00C04F79EFBC}") = "TerminalVT100", "TerminalVT100\TerminalVT100.csproj", "{8831C3BA-C61C-4F1F-905B-0CB6DC947A12}"
EndProject
Global
	GlobalSection(SolutionConfigurationPlatforms) = preSolution
		Debug|Any CPU = Debug|Any CPU
		Release|Any CPU = Release|Any CPU
	EndGlobalSection
	GlobalSection(ProjectConfigurationPlatforms) = postSolution
		{DC0E35D3-B07B-465B-B11A-6EED584F00C2}.Debug|Any CPU.ActiveCfg = Debug|Any CPU
		{DC0E35D3-B07B-465B-B11A-6EED584F00C2}.Debug|Any CPU.Build.0 = Debug|Any CPU
		{DC0E35D3-B07B-465B-B11A-6EED584F00C2}.Release|Any CPU.ActiveCfg = Release|Any CPU
		{DC0E35D3-B07B-465B-B11A-6EED584F00C2}.Release|Any CPU.Build.0 = Release|Any CPU
		{8831C3BA-C61C-4F1F-905B-0CB6DC947A12}.Debug|Any CPU.ActiveCfg = Debug|Any CPU
		{8831C3BA-C61C-4F1F-905B-0CB6DC947A12}.Debug|Any CPU.Build.0 = Debug|Any CPU
		{8831C3BA-C61C-4F1F-905B-0CB6DC947A12}.Release|Any CPU.ActiveCfg = Release|Any CPU
		{8831C3BA-C61C-4F1F-905B-0CB6DC947A12}.Release|Any CPU.Build.0 = Release|Any CPU
	EndGlobalSection
	GlobalSection(SolutionProperties) = preSolution
		HideSolutionNode = FALSE
	EndGlobalSection
	GlobalSection(ExtensibilityGlobals) = postSolution
		SolutionGuid = {B7CD1EBC-4503-43E2-994C-9E1EEF8217CF}
	EndGlobalSection
EndGlobal
